
Microsoft Visual Studio Solution File, Format Version 12.00
# Visual Studio Version 16
VisualStudioVersion = 16.0.29306.81
MinimumVisualStudioVersion = 10.0.40219.1
Project("{8BC9CEB8-8B4A-11D0-8D11-00A0C91BC942}") = "test_5_2", "test_5_2.vcxproj", "{27A5A72B-95C9-4D6C-B8FF-68BC67E415D2}"
EndProject
Global
	GlobalSection(SolutionConfigurationPlatforms) = preSolution
		Debug|x64 = Debug|x64
		Debug|x86 = Debug|x86
		Release|x64 = Release|x64
		Release|x86 = Release|x86
	EndGlobalSection
	GlobalSection(ProjectConfigurationPlatforms) = postSolution
		{27A5A72B-95C9-4D6C-B8FF-68BC67E415D2}.Debug|x64.ActiveCfg = Debug|x64
		{27A5A72B-95C9-4D6C-B8FF-68BC67E415D2}.Debug|x64.Build.0 = Debug|x64
		{27A5A72B-95C9-4D6C-B8FF-68BC67E415D2}.Debug|x86.ActiveCfg = Debug|Win32
		{27A5A72B-95C9-4D6C-B8FF-68BC67E415D2}.Debug|x86.Build.0 = Debug|Win32
		{27A5A72B-95C9-4D6C-B8FF-68BC67E415D2}.Release|x64.ActiveCfg = Release|x64
		{27A5A72B-95C9-4D6C-B8FF-68BC67E415D2}.Release|x64.Build.0 = Release|x64
		{27A5A72B-95C9-4D6C-B8FF-68BC67E415D2}.Release|x86.ActiveCfg = Release|Win32
		{27A5A72B-95C9-4D6C-B8FF-68BC67E415D2}.Release|x86.Build.0 = Release|Win32
	EndGlobalSection
	GlobalSection(SolutionProperties) = preSolution
		HideSolutionNode = FALSE
	EndGlobalSection
	GlobalSection(ExtensibilityGlobals) = postSolution
		SolutionGuid = {EB238D3F-EB89-42E2-BF84-387FB2F06BA2}
	EndGlobalSection
EndGlobal
