
Microsoft Visual Studio Solution File, Format Version 12.00
# Visual Studio Version 16
VisualStudioVersion = 16.0.29306.81
MinimumVisualStudioVersion = 10.0.40219.1
Project("{8BC9CEB8-8B4A-11D0-8D11-00A0C91BC942}") = "特斯她、", "特斯她、.vcxproj", "{60C47FDA-D16E-48C0-AF7B-814E9EC5E4AB}"
EndProject
Global
	GlobalSection(SolutionConfigurationPlatforms) = preSolution
		Debug|x64 = Debug|x64
		Debug|x86 = Debug|x86
		Release|x64 = Release|x64
		Release|x86 = Release|x86
	EndGlobalSection
	GlobalSection(ProjectConfigurationPlatforms) = postSolution
		{60C47FDA-D16E-48C0-AF7B-814E9EC5E4AB}.Debug|x64.ActiveCfg = Debug|x64
		{60C47FDA-D16E-48C0-AF7B-814E9EC5E4AB}.Debug|x64.Build.0 = Debug|x64
		{60C47FDA-D16E-48C0-AF7B-814E9EC5E4AB}.Debug|x86.ActiveCfg = Debug|Win32
		{60C47FDA-D16E-48C0-AF7B-814E9EC5E4AB}.Debug|x86.Build.0 = Debug|Win32
		{60C47FDA-D16E-48C0-AF7B-814E9EC5E4AB}.Release|x64.ActiveCfg = Release|x64
		{60C47FDA-D16E-48C0-AF7B-814E9EC5E4AB}.Release|x64.Build.0 = Release|x64
		{60C47FDA-D16E-48C0-AF7B-814E9EC5E4AB}.Release|x86.ActiveCfg = Release|Win32
		{60C47FDA-D16E-48C0-AF7B-814E9EC5E4AB}.Release|x86.Build.0 = Release|Win32
	EndGlobalSection
	GlobalSection(SolutionProperties) = preSolution
		HideSolutionNode = FALSE
	EndGlobalSection
	GlobalSection(ExtensibilityGlobals) = postSolution
		SolutionGuid = {8296DB1B-A0D6-46BE-A01C-E2F37B51B6D8}
	EndGlobalSection
EndGlobal
